# This file is automatically @generated by Cargo.
# It is not intended for manual editing.
version = 3

[[package]]
name = "bytes"
version = "1.1.0"
source = "registry+https://github.com/rust-lang/crates.io-index"
checksum = "c4872d67bab6358e59559027aa3b9157c53d9358c51423c17554809a8858e0f8"

[[package]]
name = "crypto-bigint"
version = "0.2.9"
dependencies = [
 "generic-array",
 "hex-literal",
 "rand_chacha",
 "rand_core",
 "rlp",
 "subtle",
 "zeroize",
]

[[package]]
name = "generic-array"
version = "0.14.4"
source = "registry+https://github.com/rust-lang/crates.io-index"
checksum = "501466ecc8a30d1d3b7fc9229b122b2ce8ed6e9d9223f1138d4babb253e51817"
dependencies = [
 "typenum",
 "version_check",
]

[[package]]
name = "hex-literal"
version = "0.3.3"
source = "registry+https://github.com/rust-lang/crates.io-index"
checksum = "21e4590e13640f19f249fe3e4eca5113bc4289f2497710378190e7f4bd96f45b"

[[package]]
name = "ppv-lite86"
version = "0.2.10"
source = "registry+https://github.com/rust-lang/crates.io-index"
checksum = "ac74c624d6b2d21f425f752262f42188365d7b8ff1aff74c82e45136510a4857"

[[package]]
name = "rand_chacha"
version = "0.3.1"
source = "registry+https://github.com/rust-lang/crates.io-index"
checksum = "e6c10a63a0fa32252be49d21e7709d4d4baf8d231c2dbce1eaa8141b9b127d88"
dependencies = [
 "ppv-lite86",
 "rand_core",
]

[[package]]
name = "rand_core"
version = "0.6.3"
source = "registry+https://github.com/rust-lang/crates.io-index"
checksum = "d34f1408f55294453790c48b2f1ebbb1c5b4b7563eb1f418bcfcfdbb06ebb4e7"

[[package]]
name = "rlp"
version = "0.5.1"
source = "registry+https://github.com/rust-lang/crates.io-index"
checksum = "999508abb0ae792aabed2460c45b89106d97fe4adac593bdaef433c2605847b5"
dependencies = [
 "bytes",
 "rustc-hex",
]

[[package]]
name = "rustc-hex"
version = "2.1.0"
source = "registry+https://github.com/rust-lang/crates.io-index"
checksum = "3e75f6a532d0fd9f7f13144f392b6ad56a32696bfcd9c78f797f16bbb6f072d6"

[[package]]
name = "subtle"
version = "2.4.1"
source = "registry+https://github.com/rust-lang/crates.io-index"
checksum = "6bdef32e8150c2a081110b42772ffe7d7c9032b606bc226c8260fd97e0976601"

[[package]]
name = "typenum"
version = "1.13.0"
source = "registry+https://github.com/rust-lang/crates.io-index"
checksum = "879f6906492a7cd215bfa4cf595b600146ccfac0c79bcbd1f3000162af5e8b06"

[[package]]
name = "version_check"
version = "0.9.3"
source = "registry+https://github.com/rust-lang/crates.io-index"
checksum = "5fecdca9a5291cc2b8dcf7dc02453fee791a280f3743cb0905f8822ae463b3fe"

[[package]]
name = "zeroize"
version = "1.4.1"
source = "registry+https://github.com/rust-lang/crates.io-index"
checksum = "377db0846015f7ae377174787dd452e1c5f5a9050bc6f954911d01f116daa0cd"
